
Microsoft Visual Studio Solution File, Format Version 12.00
# Visual Studio Version 17
VisualStudioVersion = 17.0.32112.339
MinimumVisualStudioVersion = 10.0.40219.1
Project("{9A19103F-16F7-4668-BE54-9A1E7A4F7556}") = "GrafAsset3d", "GrafAsset3d\GrafAsset3d.csproj", "{ECC040F9-5AB6-4161-8747-961243AE4000}"
EndProject
Project("{2150E333-8FDC-42A3-9474-1A3956D46DE8}") = "Solution Items", "Solution Items", "{B10E0EF6-AC55-4F43-997F-FBE32C22F47A}"
EndProject
Project("{9A19103F-16F7-4668-BE54-9A1E7A4F7556}") = "Common", "..\..\Common\Common\Common.csproj", "{21955236-D174-4E27-B062-C28400F8B0DA}"
EndProject
Global
	GlobalSection(SolutionConfigurationPlatforms) = preSolution
		Debug|Any CPU = Debug|Any CPU
		Release|Any CPU = Release|Any CPU
	EndGlobalSection
	GlobalSection(ProjectConfigurationPlatforms) = postSolution
		{ECC040F9-5AB6-4161-8747-961243AE4000}.Debug|Any CPU.ActiveCfg = Debug|Any CPU
		{ECC040F9-5AB6-4161-8747-961243AE4000}.Debug|Any CPU.Build.0 = Debug|Any CPU
		{ECC040F9-5AB6-4161-8747-961243AE4000}.Release|Any CPU.ActiveCfg = Release|Any CPU
		{ECC040F9-5AB6-4161-8747-961243AE4000}.Release|Any CPU.Build.0 = Release|Any CPU
		{21955236-D174-4E27-B062-C28400F8B0DA}.Debug|Any CPU.ActiveCfg = Debug|Any CPU
		{21955236-D174-4E27-B062-C28400F8B0DA}.Debug|Any CPU.Build.0 = Debug|Any CPU
		{21955236-D174-4E27-B062-C28400F8B0DA}.Release|Any CPU.ActiveCfg = Release|Any CPU
		{21955236-D174-4E27-B062-C28400F8B0DA}.Release|Any CPU.Build.0 = Release|Any CPU
	EndGlobalSection
	GlobalSection(SolutionProperties) = preSolution
		HideSolutionNode = FALSE
	EndGlobalSection
	GlobalSection(ExtensibilityGlobals) = postSolution
		SolutionGuid = {799D5A4E-809A-4E29-BA71-367F7AC8A508}
	EndGlobalSection
EndGlobal
